
Microsoft Visual Studio Solution File, Format Version 12.00
# Visual Studio Version 17
VisualStudioVersion = 17.0.31903.59
MinimumVisualStudioVersion = 10.0.40219.1
Project("{FAE04EC0-301F-11D3-BF4B-00C04F79EFBC}") = "Hasher", "Hasher\Hasher.csproj", "{6BE20179-06D7-408E-9D5A-82FE204C74CE}"
EndProject
Global
	GlobalSection(SolutionConfigurationPlatforms) = preSolution
		Debug|Any CPU = Debug|Any CPU
		Release|Any CPU = Release|Any CPU
	EndGlobalSection
	GlobalSection(SolutionProperties) = preSolution
		HideSolutionNode = FALSE
	EndGlobalSection
	GlobalSection(ProjectConfigurationPlatforms) = postSolution
		{6BE20179-06D7-408E-9D5A-82FE204C74CE}.Debug|Any CPU.ActiveCfg = Debug|Any CPU
		{6BE20179-06D7-408E-9D5A-82FE204C74CE}.Debug|Any CPU.Build.0 = Debug|Any CPU
		{6BE20179-06D7-408E-9D5A-82FE204C74CE}.Release|Any CPU.ActiveCfg = Release|Any CPU
		{6BE20179-06D7-408E-9D5A-82FE204C74CE}.Release|Any CPU.Build.0 = Release|Any CPU
	EndGlobalSection
EndGlobal
